uuid: 428f80ab-9a20-405e-ac66-de1ab2b96fbb
langcode: en
status: false
dependencies:
  module:
    - entity_block
active_version: e2f99b07dc74d70b
versioned_properties:
  active:
    settings:
      default_settings:
        id: 'entity_block:block'
        label: Block
        label_display: '0'
        provider: entity_block
        entity: ''
        view_mode: default
    fallback_metadata:
      slot_definitions: null
label: Block
id: block.entity_block.block
provider: entity_block
source: block
source_local_id: 'entity_block:block'
